// !$*UTF8*$!
{
	archiveVersion = 1;
	classes = {
	};
	objectVersion = 55;
	objects = {

/* Begin PBXBuildFile section */
		9FC58E932838713500064B1D /* SwiftUIDataHandlingDemoApp.swift in Sources */ = {isa = PBXBuildFile; fileRef = 9FC58E922838713500064B1D /* SwiftUIDataHandlingDemoApp.swift */; };
		9FC58E952838713500064B1D /* ContentView.swift in Sources */ = {isa = PBXBuildFile; fileRef = 9FC58E942838713500064B1D /* ContentView.swift */; };
		9FC58E972838713A00064B1D /* Assets.xcassets in Resources */ = {isa = PBXBuildFile; fileRef = 9FC58E962838713A00064B1D /* Assets.xcassets */; };
		9FC58E9A2838713A00064B1D /* Preview Assets.xcassets in Resources */ = {isa = PBXBuildFile; fileRef = 9FC58E992838713A00064B1D /* Preview Assets.xcassets */; };
		9FC58EA42838713B00064B1D /* SwiftUIDataHandlingDemoTests.swift in Sources */ = {isa = PBXBuildFile; fileRef = 9FC58EA32838713B00064B1D /* SwiftUIDataHandlingDemoTests.swift */; };
		9FC58EAE2838713B00064B1D /* SwiftUIDataHandlingDemoUITests.swift in Sources */ = {isa = PBXBuildFile; fileRef = 9FC58EAD2838713B00064B1D /* SwiftUIDataHandlingDemoUITests.swift */; };
		9FC58EB02838713B00064B1D /* SwiftUIDataHandlingDemoUITestsLaunchTests.swift in Sources */ = {isa = PBXBuildFile; fileRef = 9FC58EAF2838713B00064B1D /* SwiftUIDataHandlingDemoUITestsLaunchTests.swift */; };
		9FC58EBD283872E000064B1D /* MapView.swift in Sources */ = {isa = PBXBuildFile; fileRef = 9FC58EBC283872E000064B1D /* MapView.swift */; };
		9FC58EBF2838935500064B1D /* ImageView.swift in Sources */ = {isa = PBXBuildFile; fileRef = 9FC58EBE2838935500064B1D /* ImageView.swift */; };
		9FC58EC1283B256D00064B1D /* landmarkData.json in Resources */ = {isa = PBXBuildFile; fileRef = 9FC58EC0283B256D00064B1D /* landmarkData.json */; };
		9FC58EC3283B27D500064B1D /* LandmarkRow.swift in Sources */ = {isa = PBXBuildFile; fileRef = 9FC58EC2283B27D500064B1D /* LandmarkRow.swift */; };
		9FC58EC5283B28C000064B1D /* ModelData.swift in Sources */ = {isa = PBXBuildFile; fileRef = 9FC58EC4283B28C000064B1D /* ModelData.swift */; };
		9FC58EC7283B28DA00064B1D /* Landmark.swift in Sources */ = {isa = PBXBuildFile; fileRef = 9FC58EC6283B28DA00064B1D /* Landmark.swift */; };
		9FC58EC9283B30D100064B1D /* LandmarkList.swift in Sources */ = {isa = PBXBuildFile; fileRef = 9FC58EC8283B30D100064B1D /* LandmarkList.swift */; };
		9FC58ECB283B32A500064B1D /* LandmarkDetail.swift in Sources */ = {isa = PBXBuildFile; fileRef = 9FC58ECA283B32A500064B1D /* LandmarkDetail.swift */; };
/* End PBXBuildFile section */

/* Begin PBXContainerItemProxy section */
		9FC58EA02838713B00064B1D /* PBXContainerItemProxy */ = {
			isa = PBXContainerItemProxy;
			containerPortal = 9FC58E872838713500064B1D /* Project object */;
			proxyType = 1;
			remoteGlobalIDString = 9FC58E8E2838713500064B1D;
			remoteInfo = SwiftUIDataHandlingDemo;
		};
		9FC58EAA2838713B00064B1D /* PBXContainerItemProxy */ = {
			isa = PBXContainerItemProxy;
			containerPortal = 9FC58E872838713500064B1D /* Project object */;
			proxyType = 1;
			remoteGlobalIDString = 9FC58E8E2838713500064B1D;
			remoteInfo = SwiftUIDataHandlingDemo;
		};
/* End PBXContainerItemProxy section */

/* Begin PBXFileReference section */
		9FC58E8F2838713500064B1D /* SwiftUIDataHandlingDemo.app */ = {isa = PBXFileReference; explicitFileType = wrapper.application; includeInIndex = 0; path = SwiftUIDataHandlingDemo.app; sourceTree = BUILT_PRODUCTS_DIR; };
		9FC58E922838713500064B1D /* SwiftUIDataHandlingDemoApp.swift */ = {isa = PBXFileReference; lastKnownFileType = sourcecode.swift; path = SwiftUIDataHandlingDemoApp.swift; sourceTree = "<group>"; };
		9FC58E942838713500064B1D /* ContentView.swift */ = {isa = PBXFileReference; lastKnownFileType = sourcecode.swift; path = ContentView.swift; sourceTree = "<group>"; };
		9FC58E962838713A00064B1D /* Assets.xcassets */ = {isa = PBXFileReference; lastKnownFileType = folder.assetcatalog; path = Assets.xcassets; sourceTree = "<group>"; };
		9FC58E992838713A00064B1D /* Preview Assets.xcassets */ = {isa = PBXFileReference; lastKnownFileType = folder.assetcatalog; path = "Preview Assets.xcassets"; sourceTree = "<group>"; };
		9FC58E9F2838713B00064B1D /* SwiftUIDataHandlingDemoTests.xctest */ = {isa = PBXFileReference; explicitFileType = wrapper.cfbundle; includeInIndex = 0; path = SwiftUIDataHandlingDemoTests.xctest; sourceTree = BUILT_PRODUCTS_DIR; };
		9FC58EA32838713B00064B1D /* SwiftUIDataHandlingDemoTests.swift */ = {isa = PBXFileReference; lastKnownFileType = sourcecode.swift; path = SwiftUIDataHandlingDemoTests.swift; sourceTree = "<group>"; };
		9FC58EA92838713B00064B1D /* SwiftUIDataHandlingDemoUITests.xctest */ = {isa = PBXFileReference; explicitFileType = wrapper.cfbundle; includeInIndex = 0; path = SwiftUIDataHandlingDemoUITests.xctest; sourceTree = BUILT_PRODUCTS_DIR; };
		9FC58EAD2838713B00064B1D /* SwiftUIDataHandlingDemoUITests.swift */ = {isa = PBXFileReference; lastKnownFileType = sourcecode.swift; path = SwiftUIDataHandlingDemoUITests.swift; sourceTree = "<group>"; };
		9FC58EAF2838713B00064B1D /* SwiftUIDataHandlingDemoUITestsLaunchTests.swift */ = {isa = PBXFileReference; lastKnownFileType = sourcecode.swift; path = SwiftUIDataHandlingDemoUITestsLaunchTests.swift; sourceTree = "<group>"; };
		9FC58EBC283872E000064B1D /* MapView.swift */ = {isa = PBXFileReference; lastKnownFileType = sourcecode.swift; path = MapView.swift; sourceTree = "<group>"; };
		9FC58EBE2838935500064B1D /* ImageView.swift */ = {isa = PBXFileReference; lastKnownFileType = sourcecode.swift; path = ImageView.swift; sourceTree = "<group>"; };
		9FC58EC0283B256D00064B1D /* landmarkData.json */ = {isa = PBXFileReference; fileEncoding = 4; lastKnownFileType = text.json; path = landmarkData.json; sourceTree = "<group>"; };
		9FC58EC2283B27D500064B1D /* LandmarkRow.swift */ = {isa = PBXFileReference; lastKnownFileType = sourcecode.swift; path = LandmarkRow.swift; sourceTree = "<group>"; };
		9FC58EC4283B28C000064B1D /* ModelData.swift */ = {isa = PBXFileReference; fileEncoding = 4; lastKnownFileType = sourcecode.swift; path = ModelData.swift; sourceTree = "<group>"; };
		9FC58EC6283B28DA00064B1D /* Landmark.swift */ = {isa = PBXFileReference; fileEncoding = 4; lastKnownFileType = sourcecode.swift; path = Landmark.swift; sourceTree = "<group>"; };
		9FC58EC8283B30D100064B1D /* LandmarkList.swift */ = {isa = PBXFileReference; lastKnownFileType = sourcecode.swift; path = LandmarkList.swift; sourceTree = "<group>"; };
		9FC58ECA283B32A500064B1D /* LandmarkDetail.swift */ = {isa = PBXFileReference; lastKnownFileType = sourcecode.swift; path = LandmarkDetail.swift; sourceTree = "<group>"; };
/* End PBXFileReference section */

/* Begin PBXFrameworksBuildPhase section */
		9FC58E8C2838713500064B1D /* Frameworks */ = {
			isa = PBXFrameworksBuildPhase;
			buildActionMask = 2147483647;
			files = (
			);
			runOnlyForDeploymentPostprocessing = 0;
		};
		9FC58E9C2838713B00064B1D /* Frameworks */ = {
			isa = PBXFrameworksBuildPhase;
			buildActionMask = 2147483647;
			files = (
			);
			runOnlyForDeploymentPostprocessing = 0;
		};
		9FC58EA62838713B00064B1D /* Frameworks */ = {
			isa = PBXFrameworksBuildPhase;
			buildActionMask = 2147483647;
			files = (
			);
			runOnlyForDeploymentPostprocessing = 0;
		};
/* End PBXFrameworksBuildPhase section */

/* Begin PBXGroup section */
		9FC58E862838713500064B1D = {
			isa = PBXGroup;
			children = (
				9FC58E912838713500064B1D /* SwiftUIDataHandlingDemo */,
				9FC58EA22838713B00064B1D /* SwiftUIDataHandlingDemoTests */,
				9FC58EAC2838713B00064B1D /* SwiftUIDataHandlingDemoUITests */,
				9FC58E902838713500064B1D /* Products */,
			);
			sourceTree = "<group>";
		};
		9FC58E902838713500064B1D /* Products */ = {
			isa = PBXGroup;
			children = (
				9FC58E8F2838713500064B1D /* SwiftUIDataHandlingDemo.app */,
				9FC58E9F2838713B00064B1D /* SwiftUIDataHandlingDemoTests.xctest */,
				9FC58EA92838713B00064B1D /* SwiftUIDataHandlingDemoUITests.xctest */,
			);
			name = Products;
			sourceTree = "<group>";
		};
		9FC58E912838713500064B1D /* SwiftUIDataHandlingDemo */ = {
			isa = PBXGroup;
			children = (
				9FC58ECE283B38E600064B1D /* Subviews */,
				9FC58ECD283B38CF00064B1D /* Resources */,
				9FC58ECC283B38B600064B1D /* Landmark List */,
				9FC58E922838713500064B1D /* SwiftUIDataHandlingDemoApp.swift */,
				9FC58E942838713500064B1D /* ContentView.swift */,
				9FC58E962838713A00064B1D /* Assets.xcassets */,
				9FC58E982838713A00064B1D /* Preview Content */,
			);
			path = SwiftUIDataHandlingDemo;
			sourceTree = "<group>";
		};
		9FC58E982838713A00064B1D /* Preview Content */ = {
			isa = PBXGroup;
			children = (
				9FC58E992838713A00064B1D /* Preview Assets.xcassets */,
			);
			path = "Preview Content";
			sourceTree = "<group>";
		};
		9FC58EA22838713B00064B1D /* SwiftUIDataHandlingDemoTests */ = {
			isa = PBXGroup;
			children = (
				9FC58EA32838713B00064B1D /* SwiftUIDataHandlingDemoTests.swift */,
			);
			path = SwiftUIDataHandlingDemoTests;
			sourceTree = "<group>";
		};
		9FC58EAC2838713B00064B1D /* SwiftUIDataHandlingDemoUITests */ = {
			isa = PBXGroup;
			children = (
				9FC58EAD2838713B00064B1D /* SwiftUIDataHandlingDemoUITests.swift */,
				9FC58EAF2838713B00064B1D /* SwiftUIDataHandlingDemoUITestsLaunchTests.swift */,
			);
			path = SwiftUIDataHandlingDemoUITests;
			sourceTree = "<group>";
		};
		9FC58ECC283B38B600064B1D /* Landmark List */ = {
			isa = PBXGroup;
			children = (
				9FC58EC8283B30D100064B1D /* LandmarkList.swift */,
				9FC58ECA283B32A500064B1D /* LandmarkDetail.swift */,
				9FC58EC2283B27D500064B1D /* LandmarkRow.swift */,
			);
			path = "Landmark List";
			sourceTree = "<group>";
		};
		9FC58ECD283B38CF00064B1D /* Resources */ = {
			isa = PBXGroup;
			children = (
				9FC58EC4283B28C000064B1D /* ModelData.swift */,
				9FC58EC6283B28DA00064B1D /* Landmark.swift */,
				9FC58EC0283B256D00064B1D /* landmarkData.json */,
			);
			path = Resources;
			sourceTree = "<group>";
		};
		9FC58ECE283B38E600064B1D /* Subviews */ = {
			isa = PBXGroup;
			children = (
				9FC58EBE2838935500064B1D /* ImageView.swift */,
				9FC58EBC283872E000064B1D /* MapView.swift */,
			);
			path = Subviews;
			sourceTree = "<group>";
		};
/* End PBXGroup section */

/* Begin PBXNativeTarget section */
		9FC58E8E2838713500064B1D /* SwiftUIDataHandlingDemo */ = {
			isa = PBXNativeTarget;
			buildConfigurationList = 9FC58EB32838713B00064B1D /* Build configuration list for PBXNativeTarget "SwiftUIDataHandlingDemo" */;
			buildPhases = (
				9FC58E8B2838713500064B1D /* Sources */,
				9FC58E8C2838713500064B1D /* Frameworks */,
				9FC58E8D2838713500064B1D /* Resources */,
			);
			buildRules = (
			);
			dependencies = (
			);
			name = SwiftUIDataHandlingDemo;
			productName = SwiftUIDataHandlingDemo;
			productReference = 9FC58E8F2838713500064B1D /* SwiftUIDataHandlingDemo.app */;
			productType = "com.apple.product-type.application";
		};
		9FC58E9E2838713B00064B1D /* SwiftUIDataHandlingDemoTests */ = {
			isa = PBXNativeTarget;
			buildConfigurationList = 9FC58EB62838713B00064B1D /* Build configuration list for PBXNativeTarget "SwiftUIDataHandlingDemoTests" */;
			buildPhases = (
				9FC58E9B2838713B00064B1D /* Sources */,
				9FC58E9C2838713B00064B1D /* Frameworks */,
				9FC58E9D2838713B00064B1D /* Resources */,
			);
			buildRules = (
			);
			dependencies = (
				9FC58EA12838713B00064B1D /* PBXTargetDependency */,
			);
			name = SwiftUIDataHandlingDemoTests;
			productName = SwiftUIDataHandlingDemoTests;
			productReference = 9FC58E9F2838713B00064B1D /* SwiftUIDataHandlingDemoTests.xctest */;
			productType = "com.apple.product-type.bundle.unit-test";
		};
		9FC58EA82838713B00064B1D /* SwiftUIDataHandlingDemoUITests */ = {
			isa = PBXNativeTarget;
			buildConfigurationList = 9FC58EB92838713B00064B1D /* Build configuration list for PBXNativeTarget "SwiftUIDataHandlingDemoUITests" */;
			buildPhases = (
				9FC58EA52838713B00064B1D /* Sources */,
				9FC58EA62838713B00064B1D /* Frameworks */,
				9FC58EA72838713B00064B1D /* Resources */,
			);
			buildRules = (
			);
			dependencies = (
				9FC58EAB2838713B00064B1D /* PBXTargetDependency */,
			);
			name = SwiftUIDataHandlingDemoUITests;
			productName = SwiftUIDataHandlingDemoUITests;
			productReference = 9FC58EA92838713B00064B1D /* SwiftUIDataHandlingDemoUITests.xctest */;
			productType = "com.apple.product-type.bundle.ui-testing";
		};
/* End PBXNativeTarget section */

/* Begin PBXProject section */
		9FC58E872838713500064B1D /* Project object */ = {
			isa = PBXProject;
			attributes = {
				BuildIndependentTargetsInParallel = 1;
				LastSwiftUpdateCheck = 1340;
				LastUpgradeCheck = 1340;
				TargetAttributes = {
					9FC58E8E2838713500064B1D = {
						CreatedOnToolsVersion = 13.4;
					};
					9FC58E9E2838713B00064B1D = {
						CreatedOnToolsVersion = 13.4;
						TestTargetID = 9FC58E8E2838713500064B1D;
					};
					9FC58EA82838713B00064B1D = {
						CreatedOnToolsVersion = 13.4;
						TestTargetID = 9FC58E8E2838713500064B1D;
					};
				};
			};
			buildConfigurationList = 9FC58E8A2838713500064B1D /* Build configuration list for PBXProject "SwiftUIDataHandlingDemo" */;
			compatibilityVersion = "Xcode 13.0";
			developmentRegion = en;
			hasScannedForEncodings = 0;
			knownRegions = (
				en,
				Base,
			);
			mainGroup = 9FC58E862838713500064B1D;
			productRefGroup = 9FC58E902838713500064B1D /* Products */;
			projectDirPath = "";
			projectRoot = "";
			targets = (
				9FC58E8E2838713500064B1D /* SwiftUIDataHandlingDemo */,
				9FC58E9E2838713B00064B1D /* SwiftUIDataHandlingDemoTests */,
				9FC58EA82838713B00064B1D /* SwiftUIDataHandlingDemoUITests */,
			);
		};
/* End PBXProject section */

/* Begin PBXResourcesBuildPhase section */
		9FC58E8D2838713500064B1D /* Resources */ = {
			isa = PBXResourcesBuildPhase;
			buildActionMask = 2147483647;
			files = (
				9FC58E9A2838713A00064B1D /* Preview Assets.xcassets in Resources */,
				9FC58E972838713A00064B1D /* Assets.xcassets in Resources */,
				9FC58EC1283B256D00064B1D /* landmarkData.json in Resources */,
			);
			runOnlyForDeploymentPostprocessing = 0;
		};
		9FC58E9D2838713B00064B1D /* Resources */ = {
			isa = PBXResourcesBuildPhase;
			buildActionMask = 2147483647;
			files = (
			);
			runOnlyForDeploymentPostprocessing = 0;
		};
		9FC58EA72838713B00064B1D /* Resources */ = {
			isa = PBXResourcesBuildPhase;
			buildActionMask = 2147483647;
			files = (
			);
			runOnlyForDeploymentPostprocessing = 0;
		};
/* End PBXResourcesBuildPhase section */

/* Begin PBXSourcesBuildPhase section */
		9FC58E8B2838713500064B1D /* Sources */ = {
			isa = PBXSourcesBuildPhase;
			buildActionMask = 2147483647;
			files = (
				9FC58EC7283B28DA00064B1D /* Landmark.swift in Sources */,
				9FC58E952838713500064B1D /* ContentView.swift in Sources */,
				9FC58E932838713500064B1D /* SwiftUIDataHandlingDemoApp.swift in Sources */,
				9FC58EC9283B30D100064B1D /* LandmarkList.swift in Sources */,
				9FC58ECB283B32A500064B1D /* LandmarkDetail.swift in Sources */,
				9FC58EBF2838935500064B1D /* ImageView.swift in Sources */,
				9FC58EC3283B27D500064B1D /* LandmarkRow.swift in Sources */,
				9FC58EBD283872E000064B1D /* MapView.swift in Sources */,
				9FC58EC5283B28C000064B1D /* ModelData.swift in Sources */,
			);
			runOnlyForDeploymentPostprocessing = 0;
		};
		9FC58E9B2838713B00064B1D /* Sources */ = {
			isa = PBXSourcesBuildPhase;
			buildActionMask = 2147483647;
			files = (
				9FC58EA42838713B00064B1D /* SwiftUIDataHandlingDemoTests.swift in Sources */,
			);
			runOnlyForDeploymentPostprocessing = 0;
		};
		9FC58EA52838713B00064B1D /* Sources */ = {
			isa = PBXSourcesBuildPhase;
			buildActionMask = 2147483647;
			files = (
				9FC58EB02838713B00064B1D /* SwiftUIDataHandlingDemoUITestsLaunchTests.swift in Sources */,
				9FC58EAE2838713B00064B1D /* SwiftUIDataHandlingDemoUITests.swift in Sources */,
			);
			runOnlyForDeploymentPostprocessing = 0;
		};
/* End PBXSourcesBuildPhase section */

/* Begin PBXTargetDependency section */
		9FC58EA12838713B00064B1D /* PBXTargetDependency */ = {
			isa = PBXTargetDependency;
			target = 9FC58E8E2838713500064B1D /* SwiftUIDataHandlingDemo */;
			targetProxy = 9FC58EA02838713B00064B1D /* PBXContainerItemProxy */;
		};
		9FC58EAB2838713B00064B1D /* PBXTargetDependency */ = {
			isa = PBXTargetDependency;
			target = 9FC58E8E2838713500064B1D /* SwiftUIDataHandlingDemo */;
			targetProxy = 9FC58EAA2838713B00064B1D /* PBXContainerItemProxy */;
		};
/* End PBXTargetDependency section */

/* Begin XCBuildConfiguration section */
		9FC58EB12838713B00064B1D /* Debug */ = {
			isa = XCBuildConfiguration;
			buildSettings = {
				ALWAYS_SEARCH_USER_PATHS = NO;
				CLANG_ANALYZER_NONNULL = YES;
				CLANG_ANALYZER_NUMBER_OBJECT_CONVERSION = YES_AGGRESSIVE;
				CLANG_CXX_LANGUAGE_STANDARD = "gnu++17";
				CLANG_ENABLE_MODULES = YES;
				CLANG_ENABLE_OBJC_ARC = YES;
				CLANG_ENABLE_OBJC_WEAK = YES;
				CLANG_WARN_BLOCK_CAPTURE_AUTORELEASING = YES;
				CLANG_WARN_BOOL_CONVERSION = YES;
				CLANG_WARN_COMMA = YES;
				CLANG_WARN_CONSTANT_CONVERSION = YES;
				CLANG_WARN_DEPRECATED_OBJC_IMPLEMENTATIONS = YES;
				CLANG_WARN_DIRECT_OBJC_ISA_USAGE = YES_ERROR;
				CLANG_WARN_DOCUMENTATION_COMMENTS = YES;
				CLANG_WARN_EMPTY_BODY = YES;
				CLANG_WARN_ENUM_CONVERSION = YES;
				CLANG_WARN_INFINITE_RECURSION = YES;
				CLANG_WARN_INT_CONVERSION = YES;
				CLANG_WARN_NON_LITERAL_NULL_CONVERSION = YES;
				CLANG_WARN_OBJC_IMPLICIT_RETAIN_SELF = YES;
				CLANG_WARN_OBJC_LITERAL_CONVERSION = YES;
				CLANG_WARN_OBJC_ROOT_CLASS = YES_ERROR;
				CLANG_WARN_QUOTED_INCLUDE_IN_FRAMEWORK_HEADER = YES;
				CLANG_WARN_RANGE_LOOP_ANALYSIS = YES;
				CLANG_WARN_STRICT_PROTOTYPES = YES;
				CLANG_WARN_SUSPICIOUS_MOVE = YES;
				CLANG_WARN_UNGUARDED_AVAILABILITY = YES_AGGRESSIVE;
				CLANG_WARN_UNREACHABLE_CODE = YES;
				CLANG_WARN__DUPLICATE_METHOD_MATCH = YES;
				COPY_PHASE_STRIP = NO;
				DEBUG_INFORMATION_FORMAT = dwarf;
				ENABLE_STRICT_OBJC_MSGSEND = YES;
				ENABLE_TESTABILITY = YES;
				GCC_C_LANGUAGE_STANDARD = gnu11;
				GCC_DYNAMIC_NO_PIC = NO;
				GCC_NO_COMMON_BLOCKS = YES;
				GCC_OPTIMIZATION_LEVEL = 0;
				GCC_PREPROCESSOR_DEFINITIONS = (
					"DEBUG=1",
					"$(inherited)",
				);
				GCC_WARN_64_TO_32_BIT_CONVERSION = YES;
				GCC_WARN_ABOUT_RETURN_TYPE = YES_ERROR;
				GCC_WARN_UNDECLARED_SELECTOR = YES;
				GCC_WARN_UNINITIALIZED_AUTOS = YES_AGGRESSIVE;
				GCC_WARN_UNUSED_FUNCTION = YES;
				GCC_WARN_UNUSED_VARIABLE = YES;
				IPHONEOS_DEPLOYMENT_TARGET = 15.5;
				MTL_ENABLE_DEBUG_INFO = INCLUDE_SOURCE;
				MTL_FAST_MATH = YES;
				ONLY_ACTIVE_ARCH = YES;
				SDKROOT = iphoneos;
				SWIFT_ACTIVE_COMPILATION_CONDITIONS = DEBUG;
				SWIFT_OPTIMIZATION_LEVEL = "-Onone";
			};
			name = Debug;
		};
		9FC58EB22838713B00064B1D /* Release */ = {
			isa = XCBuildConfiguration;
			buildSettings = {
				ALWAYS_SEARCH_USER_PATHS = NO;
				CLANG_ANALYZER_NONNULL = YES;
				CLANG_ANALYZER_NUMBER_OBJECT_CONVERSION = YES_AGGRESSIVE;
				CLANG_CXX_LANGUAGE_STANDARD = "gnu++17";
				CLANG_ENABLE_MODULES = YES;
				CLANG_ENABLE_OBJC_ARC = YES;
				CLANG_ENABLE_OBJC_WEAK = YES;
				CLANG_WARN_BLOCK_CAPTURE_AUTORELEASING = YES;
				CLANG_WARN_BOOL_CONVERSION = YES;
				CLANG_WARN_COMMA = YES;
				CLANG_WARN_CONSTANT_CONVERSION = YES;
				CLANG_WARN_DEPRECATED_OBJC_IMPLEMENTATIONS = YES;
				CLANG_WARN_DIRECT_OBJC_ISA_USAGE = YES_ERROR;
				CLANG_WARN_DOCUMENTATION_COMMENTS = YES;
				CLANG_WARN_EMPTY_BODY = YES;
				CLANG_WARN_ENUM_CONVERSION = YES;
				CLANG_WARN_INFINITE_RECURSION = YES;
				CLANG_WARN_INT_CONVERSION = YES;
				CLANG_WARN_NON_LITERAL_NULL_CONVERSION = YES;
				CLANG_WARN_OBJC_IMPLICIT_RETAIN_SELF = YES;
				CLANG_WARN_OBJC_LITERAL_CONVERSION = YES;
				CLANG_WARN_OBJC_ROOT_CLASS = YES_ERROR;
				CLANG_WARN_QUOTED_INCLUDE_IN_FRAMEWORK_HEADER = YES;
				CLANG_WARN_RANGE_LOOP_ANALYSIS = YES;
				CLANG_WARN_STRICT_PROTOTYPES = YES;
				CLANG_WARN_SUSPICIOUS_MOVE = YES;
				CLANG_WARN_UNGUARDED_AVAILABILITY = YES_AGGRESSIVE;
				CLANG_WARN_UNREACHABLE_CODE = YES;
				CLANG_WARN__DUPLICATE_METHOD_MATCH = YES;
				COPY_PHASE_STRIP = NO;
				DEBUG_INFORMATION_FORMAT = "dwarf-with-dsym";
				ENABLE_NS_ASSERTIONS = NO;
				ENABLE_STRICT_OBJC_MSGSEND = YES;
				GCC_C_LANGUAGE_STANDARD = gnu11;
				GCC_NO_COMMON_BLOCKS = YES;
				GCC_WARN_64_TO_32_BIT_CONVERSION = YES;
				GCC_WARN_ABOUT_RETURN_TYPE = YES_ERROR;
				GCC_WARN_UNDECLARED_SELECTOR = YES;
				GCC_WARN_UNINITIALIZED_AUTOS = YES_AGGRESSIVE;
				GCC_WARN_UNUSED_FUNCTION = YES;
				GCC_WARN_UNUSED_VARIABLE = YES;
				IPHONEOS_DEPLOYMENT_TARGET = 15.5;
				MTL_ENABLE_DEBUG_INFO = NO;
				MTL_FAST_MATH = YES;
				SDKROOT = iphoneos;
				SWIFT_COMPILATION_MODE = wholemodule;
				SWIFT_OPTIMIZATION_LEVEL = "-O";
				VALIDATE_PRODUCT = YES;
			};
			name = Release;
		};
		9FC58EB42838713B00064B1D /* Debug */ = {
			isa = XCBuildConfiguration;
			buildSettings = {
				ASSETCATALOG_COMPILER_APPICON_NAME = AppIcon;
				ASSETCATALOG_COMPILER_GLOBAL_ACCENT_COLOR_NAME = AccentColor;
				CODE_SIGN_STYLE = Automatic;
				CURRENT_PROJECT_VERSION = 1;
				DEVELOPMENT_ASSET_PATHS = "\"SwiftUIDataHandlingDemo/Preview Content\"";
				ENABLE_PREVIEWS = YES;
				GENERATE_INFOPLIST_FILE = YES;
				INFOPLIST_KEY_UIApplicationSceneManifest_Generation = YES;
				INFOPLIST_KEY_UIApplicationSupportsIndirectInputEvents = YES;
				INFOPLIST_KEY_UILaunchScreen_Generation = YES;
				INFOPLIST_KEY_UISupportedInterfaceOrientations_iPad = "UIInterfaceOrientationPortrait UIInterfaceOrientationPortraitUpsideDown UIInterfaceOrientationLandscapeLeft UIInterfaceOrientationLandscapeRight";
				INFOPLIST_KEY_UISupportedInterfaceOrientations_iPhone = "UIInterfaceOrientationPortrait UIInterfaceOrientationLandscapeLeft UIInterfaceOrientationLandscapeRight";
				LD_RUNPATH_SEARCH_PATHS = (
					"$(inherited)",
					"@executable_path/Frameworks",
				);
				MARKETING_VERSION = 1.0;
				PRODUCT_BUNDLE_IDENTIFIER = sahilArora.SwiftUIDataHandlingDemo;
				PRODUCT_NAME = "$(TARGET_NAME)";
				SWIFT_EMIT_LOC_STRINGS = YES;
				SWIFT_VERSION = 5.0;
				TARGETED_DEVICE_FAMILY = "1,2";
			};
			name = Debug;
		};
		9FC58EB52838713B00064B1D /* Release */ = {
			isa = XCBuildConfiguration;
			buildSettings = {
				ASSETCATALOG_COMPILER_APPICON_NAME = AppIcon;
				ASSETCATALOG_COMPILER_GLOBAL_ACCENT_COLOR_NAME = AccentColor;
				CODE_SIGN_STYLE = Automatic;
				CURRENT_PROJECT_VERSION = 1;
				DEVELOPMENT_ASSET_PATHS = "\"SwiftUIDataHandlingDemo/Preview Content\"";
				ENABLE_PREVIEWS = YES;
				GENERATE_INFOPLIST_FILE = YES;
				INFOPLIST_KEY_UIApplicationSceneManifest_Generation = YES;
				INFOPLIST_KEY_UIApplicationSupportsIndirectInputEvents = YES;
				INFOPLIST_KEY_UILaunchScreen_Generation = YES;
				INFOPLIST_KEY_UISupportedInterfaceOrientations_iPad = "UIInterfaceOrientationPortrait UIInterfaceOrientationPortraitUpsideDown UIInterfaceOrientationLandscapeLeft UIInterfaceOrientationLandscapeRight";
				INFOPLIST_KEY_UISupportedInterfaceOrientations_iPhone = "UIInterfaceOrientationPortrait UIInterfaceOrientationLandscapeLeft UIInterfaceOrientationLandscapeRight";
				LD_RUNPATH_SEARCH_PATHS = (
					"$(inherited)",
					"@executable_path/Frameworks",
				);
				MARKETING_VERSION = 1.0;
				PRODUCT_BUNDLE_IDENTIFIER = sahilArora.SwiftUIDataHandlingDemo;
				PRODUCT_NAME = "$(TARGET_NAME)";
				SWIFT_EMIT_LOC_STRINGS = YES;
				SWIFT_VERSION = 5.0;
				TARGETED_DEVICE_FAMILY = "1,2";
			};
			name = Release;
		};
		9FC58EB72838713B00064B1D /* Debug */ = {
			isa = XCBuildConfiguration;
			buildSettings = {
				ALWAYS_EMBED_SWIFT_STANDARD_LIBRARIES = YES;
				BUNDLE_LOADER = "$(TEST_HOST)";
				CODE_SIGN_STYLE = Automatic;
				CURRENT_PROJECT_VERSION = 1;
				GENERATE_INFOPLIST_FILE = YES;
				IPHONEOS_DEPLOYMENT_TARGET = 15.5;
				MARKETING_VERSION = 1.0;
				PRODUCT_BUNDLE_IDENTIFIER = sahilArora.SwiftUIDataHandlingDemoTests;
				PRODUCT_NAME = "$(TARGET_NAME)";
				SWIFT_EMIT_LOC_STRINGS = NO;
				SWIFT_VERSION = 5.0;
				TARGETED_DEVICE_FAMILY = "1,2";
				TEST_HOST = "$(BUILT_PRODUCTS_DIR)/SwiftUIDataHandlingDemo.app/SwiftUIDataHandlingDemo";
			};
			name = Debug;
		};
		9FC58EB82838713B00064B1D /* Release */ = {
			isa = XCBuildConfiguration;
			buildSettings = {
				ALWAYS_EMBED_SWIFT_STANDARD_LIBRARIES = YES;
				BUNDLE_LOADER = "$(TEST_HOST)";
				CODE_SIGN_STYLE = Automatic;
				CURRENT_PROJECT_VERSION = 1;
				GENERATE_INFOPLIST_FILE = YES;
				IPHONEOS_DEPLOYMENT_TARGET = 15.5;
				MARKETING_VERSION = 1.0;
				PRODUCT_BUNDLE_IDENTIFIER = sahilArora.SwiftUIDataHandlingDemoTests;
				PRODUCT_NAME = "$(TARGET_NAME)";
				SWIFT_EMIT_LOC_STRINGS = NO;
				SWIFT_VERSION = 5.0;
				TARGETED_DEVICE_FAMILY = "1,2";
				TEST_HOST = "$(BUILT_PRODUCTS_DIR)/SwiftUIDataHandlingDemo.app/SwiftUIDataHandlingDemo";
			};
			name = Release;
		};
		9FC58EBA2838713B00064B1D /* Debug */ = {
			isa = XCBuildConfiguration;
			buildSettings = {
				ALWAYS_EMBED_SWIFT_STANDARD_LIBRARIES = YES;
				CODE_SIGN_STYLE = Automatic;
				CURRENT_PROJECT_VERSION = 1;
				GENERATE_INFOPLIST_FILE = YES;
				MARKETING_VERSION = 1.0;
				PRODUCT_BUNDLE_IDENTIFIER = sahilArora.SwiftUIDataHandlingDemoUITests;
				PRODUCT_NAME = "$(TARGET_NAME)";
				SWIFT_EMIT_LOC_STRINGS = NO;
				SWIFT_VERSION = 5.0;
				TARGETED_DEVICE_FAMILY = "1,2";
				TEST_TARGET_NAME = SwiftUIDataHandlingDemo;
			};
			name = Debug;
		};
		9FC58EBB2838713B00064B1D /* Release */ = {
			isa = XCBuildConfiguration;
			buildSettings = {
				ALWAYS_EMBED_SWIFT_STANDARD_LIBRARIES = YES;
				CODE_SIGN_STYLE = Automatic;
				CURRENT_PROJECT_VERSION = 1;
				GENERATE_INFOPLIST_FILE = YES;
				MARKETING_VERSION = 1.0;
				PRODUCT_BUNDLE_IDENTIFIER = sahilArora.SwiftUIDataHandlingDemoUITests;
				PRODUCT_NAME = "$(TARGET_NAME)";
				SWIFT_EMIT_LOC_STRINGS = NO;
				SWIFT_VERSION = 5.0;
				TARGETED_DEVICE_FAMILY = "1,2";
				TEST_TARGET_NAME = SwiftUIDataHandlingDemo;
			};
			name = Release;
		};
/* End XCBuildConfiguration section */

/* Begin XCConfigurationList section */
		9FC58E8A2838713500064B1D /* Build configuration list for PBXProject "SwiftUIDataHandlingDemo" */ = {
			isa = XCConfigurationList;
			buildConfigurations = (
				9FC58EB12838713B00064B1D /* Debug */,
				9FC58EB22838713B00064B1D /* Release */,
			);
			defaultConfigurationIsVisible = 0;
			defaultConfigurationName = Release;
		};
		9FC58EB32838713B00064B1D /* Build configuration list for PBXNativeTarget "SwiftUIDataHandlingDemo" */ = {
			isa = XCConfigurationList;
			buildConfigurations = (
				9FC58EB42838713B00064B1D /* Debug */,
				9FC58EB52838713B00064B1D /* Release */,
			);
			defaultConfigurationIsVisible = 0;
			defaultConfigurationName = Release;
		};
		9FC58EB62838713B00064B1D /* Build configuration list for PBXNativeTarget "SwiftUIDataHandlingDemoTests" */ = {
			isa = XCConfigurationList;
			buildConfigurations = (
				9FC58EB72838713B00064B1D /* Debug */,
				9FC58EB82838713B00064B1D /* Release */,
			);
			defaultConfigurationIsVisible = 0;
			defaultConfigurationName = Release;
		};
		9FC58EB92838713B00064B1D /* Build configuration list for PBXNativeTarget "SwiftUIDataHandlingDemoUITests" */ = {
			isa = XCConfigurationList;
			buildConfigurations = (
				9FC58EBA2838713B00064B1D /* Debug */,
				9FC58EBB2838713B00064B1D /* Release */,
			);
			defaultConfigurationIsVisible = 0;
			defaultConfigurationName = Release;
		};
/* End XCConfigurationList section */
	};
	rootObject = 9FC58E872838713500064B1D /* Project object */;
}
